
Microsoft Visual Studio Solution File, Format Version 12.00
# Visual Studio Version 16
VisualStudioVersion = 16.0.31019.35
MinimumVisualStudioVersion = 10.0.40219.1
Project("{9A19103F-16F7-4668-BE54-9A1E7A4F7556}") = "HtpHomeWorks", "HtpHomeWorks\HtpHomeWorks.csproj", "{1B6AC01C-B60A-48C7-9177-03EF69676CED}"
EndProject
Project("{9A19103F-16F7-4668-BE54-9A1E7A4F7556}") = "Collection", "Collection\Collection.csproj", "{4235FE79-94A0-4CBC-913B-E2AF2952C3CB}"
EndProject
Project("{9A19103F-16F7-4668-BE54-9A1E7A4F7556}") = "LINQ", "LINQ\LINQ.csproj", "{8005B77B-3425-491F-BC3D-45E27FEC2CA3}"
EndProject
Project("{9A19103F-16F7-4668-BE54-9A1E7A4F7556}") = "HomeTaskCollection", "HomeTaskCollection\HomeTaskCollection.csproj", "{2E47614B-DB8C-40A6-AB98-12F4A37DFFCE}"
EndProject
Project("{9A19103F-16F7-4668-BE54-9A1E7A4F7556}") = "HomeTask8", "HomeTask8\HomeTask8.csproj", "{C5DD6557-4234-4071-9E2A-E87251298B75}"
EndProject
Project("{9A19103F-16F7-4668-BE54-9A1E7A4F7556}") = "HashTable", "HashTable\HashTable.csproj", "{A6A566B3-B320-46AC-BE4F-C4779B5E117A}"
EndProject
Project("{9A19103F-16F7-4668-BE54-9A1E7A4F7556}") = "BinarDerevo", "BinarDerevo\BinarDerevo.csproj", "{F56E0D99-BEA4-4E30-A44A-85146FD8E887}"
EndProject
Project("{9A19103F-16F7-4668-BE54-9A1E7A4F7556}") = "BigHomeWork", "BigHomeWork\BigHomeWork.csproj", "{9A973874-8DC9-4B87-8AAA-656AD484B8D2}"
EndProject
Project("{9A19103F-16F7-4668-BE54-9A1E7A4F7556}") = "Control", "Control\Control.csproj", "{CD1108DE-003B-4345-B77F-5354DCF1560F}"
EndProject
Project("{9A19103F-16F7-4668-BE54-9A1E7A4F7556}") = "Controlnaja", "Controlnaja\Controlnaja.csproj", "{80457CFB-6FCC-494F-85F5-520D7E1C7BFB}"
EndProject
Project("{9A19103F-16F7-4668-BE54-9A1E7A4F7556}") = "Inter", "Inter\Inter.csproj", "{619323BF-1ABE-469B-9EAD-46E5D80F7E25}"
EndProject
Project("{9A19103F-16F7-4668-BE54-9A1E7A4F7556}") = "Nasled", "Nasled\Nasled.csproj", "{01205E3B-59BC-4490-A53E-6C3C574B0BA2}"
EndProject
Project("{9A19103F-16F7-4668-BE54-9A1E7A4F7556}") = "nasledovanie", "nasledovanie\nasledovanie.csproj", "{70863568-3358-48E3-A940-B406670A4A94}"
EndProject
Project("{9A19103F-16F7-4668-BE54-9A1E7A4F7556}") = "delegat", "delegat\delegat.csproj", "{CFE5D4E2-4F2D-4B5B-A593-9113D4043F04}"
EndProject
Project("{FAE04EC0-301F-11D3-BF4B-00C04F79EFBC}") = "delegandevents", "delegandevents\delegandevents.csproj", "{FE4E189D-F9F2-4817-9C58-E6FE07A7F861}"
EndProject
Global
	GlobalSection(SolutionConfigurationPlatforms) = preSolution
		Debug|Any CPU = Debug|Any CPU
		Release|Any CPU = Release|Any CPU
	EndGlobalSection
	GlobalSection(ProjectConfigurationPlatforms) = postSolution
		{1B6AC01C-B60A-48C7-9177-03EF69676CED}.Debug|Any CPU.ActiveCfg = Debug|Any CPU
		{1B6AC01C-B60A-48C7-9177-03EF69676CED}.Debug|Any CPU.Build.0 = Debug|Any CPU
		{1B6AC01C-B60A-48C7-9177-03EF69676CED}.Release|Any CPU.ActiveCfg = Release|Any CPU
		{1B6AC01C-B60A-48C7-9177-03EF69676CED}.Release|Any CPU.Build.0 = Release|Any CPU
		{4235FE79-94A0-4CBC-913B-E2AF2952C3CB}.Debug|Any CPU.ActiveCfg = Debug|Any CPU
		{4235FE79-94A0-4CBC-913B-E2AF2952C3CB}.Debug|Any CPU.Build.0 = Debug|Any CPU
		{4235FE79-94A0-4CBC-913B-E2AF2952C3CB}.Release|Any CPU.ActiveCfg = Release|Any CPU
		{4235FE79-94A0-4CBC-913B-E2AF2952C3CB}.Release|Any CPU.Build.0 = Release|Any CPU
		{8005B77B-3425-491F-BC3D-45E27FEC2CA3}.Debug|Any CPU.ActiveCfg = Debug|Any CPU
		{8005B77B-3425-491F-BC3D-45E27FEC2CA3}.Debug|Any CPU.Build.0 = Debug|Any CPU
		{8005B77B-3425-491F-BC3D-45E27FEC2CA3}.Release|Any CPU.ActiveCfg = Release|Any CPU
		{8005B77B-3425-491F-BC3D-45E27FEC2CA3}.Release|Any CPU.Build.0 = Release|Any CPU
		{2E47614B-DB8C-40A6-AB98-12F4A37DFFCE}.Debug|Any CPU.ActiveCfg = Debug|Any CPU
		{2E47614B-DB8C-40A6-AB98-12F4A37DFFCE}.Debug|Any CPU.Build.0 = Debug|Any CPU
		{2E47614B-DB8C-40A6-AB98-12F4A37DFFCE}.Release|Any CPU.ActiveCfg = Release|Any CPU
		{2E47614B-DB8C-40A6-AB98-12F4A37DFFCE}.Release|Any CPU.Build.0 = Release|Any CPU
		{C5DD6557-4234-4071-9E2A-E87251298B75}.Debug|Any CPU.ActiveCfg = Debug|Any CPU
		{C5DD6557-4234-4071-9E2A-E87251298B75}.Debug|Any CPU.Build.0 = Debug|Any CPU
		{C5DD6557-4234-4071-9E2A-E87251298B75}.Release|Any CPU.ActiveCfg = Release|Any CPU
		{C5DD6557-4234-4071-9E2A-E87251298B75}.Release|Any CPU.Build.0 = Release|Any CPU
		{A6A566B3-B320-46AC-BE4F-C4779B5E117A}.Debug|Any CPU.ActiveCfg = Debug|Any CPU
		{A6A566B3-B320-46AC-BE4F-C4779B5E117A}.Debug|Any CPU.Build.0 = Debug|Any CPU
		{A6A566B3-B320-46AC-BE4F-C4779B5E117A}.Release|Any CPU.ActiveCfg = Release|Any CPU
		{A6A566B3-B320-46AC-BE4F-C4779B5E117A}.Release|Any CPU.Build.0 = Release|Any CPU
		{F56E0D99-BEA4-4E30-A44A-85146FD8E887}.Debug|Any CPU.ActiveCfg = Debug|Any CPU
		{F56E0D99-BEA4-4E30-A44A-85146FD8E887}.Debug|Any CPU.Build.0 = Debug|Any CPU
		{F56E0D99-BEA4-4E30-A44A-85146FD8E887}.Release|Any CPU.ActiveCfg = Release|Any CPU
		{F56E0D99-BEA4-4E30-A44A-85146FD8E887}.Release|Any CPU.Build.0 = Release|Any CPU
		{9A973874-8DC9-4B87-8AAA-656AD484B8D2}.Debug|Any CPU.ActiveCfg = Debug|Any CPU
		{9A973874-8DC9-4B87-8AAA-656AD484B8D2}.Debug|Any CPU.Build.0 = Debug|Any CPU
		{9A973874-8DC9-4B87-8AAA-656AD484B8D2}.Release|Any CPU.ActiveCfg = Release|Any CPU
		{9A973874-8DC9-4B87-8AAA-656AD484B8D2}.Release|Any CPU.Build.0 = Release|Any CPU
		{CD1108DE-003B-4345-B77F-5354DCF1560F}.Debug|Any CPU.ActiveCfg = Debug|Any CPU
		{CD1108DE-003B-4345-B77F-5354DCF1560F}.Debug|Any CPU.Build.0 = Debug|Any CPU
		{CD1108DE-003B-4345-B77F-5354DCF1560F}.Release|Any CPU.ActiveCfg = Release|Any CPU
		{CD1108DE-003B-4345-B77F-5354DCF1560F}.Release|Any CPU.Build.0 = Release|Any CPU
		{80457CFB-6FCC-494F-85F5-520D7E1C7BFB}.Debug|Any CPU.ActiveCfg = Debug|Any CPU
		{80457CFB-6FCC-494F-85F5-520D7E1C7BFB}.Debug|Any CPU.Build.0 = Debug|Any CPU
		{80457CFB-6FCC-494F-85F5-520D7E1C7BFB}.Release|Any CPU.ActiveCfg = Release|Any CPU
		{80457CFB-6FCC-494F-85F5-520D7E1C7BFB}.Release|Any CPU.Build.0 = Release|Any CPU
		{619323BF-1ABE-469B-9EAD-46E5D80F7E25}.Debug|Any CPU.ActiveCfg = Debug|Any CPU
		{619323BF-1ABE-469B-9EAD-46E5D80F7E25}.Debug|Any CPU.Build.0 = Debug|Any CPU
		{619323BF-1ABE-469B-9EAD-46E5D80F7E25}.Release|Any CPU.ActiveCfg = Release|Any CPU
		{619323BF-1ABE-469B-9EAD-46E5D80F7E25}.Release|Any CPU.Build.0 = Release|Any CPU
		{01205E3B-59BC-4490-A53E-6C3C574B0BA2}.Debug|Any CPU.ActiveCfg = Debug|Any CPU
		{01205E3B-59BC-4490-A53E-6C3C574B0BA2}.Debug|Any CPU.Build.0 = Debug|Any CPU
		{01205E3B-59BC-4490-A53E-6C3C574B0BA2}.Release|Any CPU.ActiveCfg = Release|Any CPU
		{01205E3B-59BC-4490-A53E-6C3C574B0BA2}.Release|Any CPU.Build.0 = Release|Any CPU
		{70863568-3358-48E3-A940-B406670A4A94}.Debug|Any CPU.ActiveCfg = Debug|Any CPU
		{70863568-3358-48E3-A940-B406670A4A94}.Debug|Any CPU.Build.0 = Debug|Any CPU
		{70863568-3358-48E3-A940-B406670A4A94}.Release|Any CPU.ActiveCfg = Release|Any CPU
		{70863568-3358-48E3-A940-B406670A4A94}.Release|Any CPU.Build.0 = Release|Any CPU
		{CFE5D4E2-4F2D-4B5B-A593-9113D4043F04}.Debug|Any CPU.ActiveCfg = Debug|Any CPU
		{CFE5D4E2-4F2D-4B5B-A593-9113D4043F04}.Debug|Any CPU.Build.0 = Debug|Any CPU
		{CFE5D4E2-4F2D-4B5B-A593-9113D4043F04}.Release|Any CPU.ActiveCfg = Release|Any CPU
		{CFE5D4E2-4F2D-4B5B-A593-9113D4043F04}.Release|Any CPU.Build.0 = Release|Any CPU
		{FE4E189D-F9F2-4817-9C58-E6FE07A7F861}.Debug|Any CPU.ActiveCfg = Debug|Any CPU
		{FE4E189D-F9F2-4817-9C58-E6FE07A7F861}.Debug|Any CPU.Build.0 = Debug|Any CPU
		{FE4E189D-F9F2-4817-9C58-E6FE07A7F861}.Release|Any CPU.ActiveCfg = Release|Any CPU
		{FE4E189D-F9F2-4817-9C58-E6FE07A7F861}.Release|Any CPU.Build.0 = Release|Any CPU
	EndGlobalSection
	GlobalSection(SolutionProperties) = preSolution
		HideSolutionNode = FALSE
	EndGlobalSection
	GlobalSection(ExtensibilityGlobals) = postSolution
		SolutionGuid = {85DB0A53-2E82-4243-B35B-CC5EFE546AB7}
	EndGlobalSection
EndGlobal
