
Microsoft Visual Studio Solution File, Format Version 12.00
# Visual Studio Version 16
VisualStudioVersion = 16.0.31019.35
MinimumVisualStudioVersion = 10.0.40219.1
Project("{FAE04EC0-301F-11D3-BF4B-00C04F79EFBC}") = "HtpHomeWorks", "HtpHomeWorks\HtpHomeWorks.csproj", "{1B6AC01C-B60A-48C7-9177-03EF69676CED}"
EndProject
Project("{9A19103F-16F7-4668-BE54-9A1E7A4F7556}") = "Collection", "Collection\Collection.csproj", "{4235FE79-94A0-4CBC-913B-E2AF2952C3CB}"
EndProject
Global
	GlobalSection(SolutionConfigurationPlatforms) = preSolution
		Debug|Any CPU = Debug|Any CPU
		Release|Any CPU = Release|Any CPU
	EndGlobalSection
	GlobalSection(ProjectConfigurationPlatforms) = postSolution
		{1B6AC01C-B60A-48C7-9177-03EF69676CED}.Debug|Any CPU.ActiveCfg = Debug|Any CPU
		{1B6AC01C-B60A-48C7-9177-03EF69676CED}.Debug|Any CPU.Build.0 = Debug|Any CPU
		{1B6AC01C-B60A-48C7-9177-03EF69676CED}.Release|Any CPU.ActiveCfg = Release|Any CPU
		{1B6AC01C-B60A-48C7-9177-03EF69676CED}.Release|Any CPU.Build.0 = Release|Any CPU
		{4235FE79-94A0-4CBC-913B-E2AF2952C3CB}.Debug|Any CPU.ActiveCfg = Debug|Any CPU
		{4235FE79-94A0-4CBC-913B-E2AF2952C3CB}.Debug|Any CPU.Build.0 = Debug|Any CPU
		{4235FE79-94A0-4CBC-913B-E2AF2952C3CB}.Release|Any CPU.ActiveCfg = Release|Any CPU
		{4235FE79-94A0-4CBC-913B-E2AF2952C3CB}.Release|Any CPU.Build.0 = Release|Any CPU
	EndGlobalSection
	GlobalSection(SolutionProperties) = preSolution
		HideSolutionNode = FALSE
	EndGlobalSection
	GlobalSection(ExtensibilityGlobals) = postSolution
		SolutionGuid = {85DB0A53-2E82-4243-B35B-CC5EFE546AB7}
	EndGlobalSection
EndGlobal
